// !$*UTF8*$!
{
	archiveVersion = 1;
	classes = {
	};
	objectVersion = 56;
	objects = {

/* Begin PBXBuildFile section */
		017D3DB82B6D3B9E00F77E6A /* AppDelegate.swift in Sources */ = {isa = PBXBuildFile; fileRef = 017D3DB72B6D3B9E00F77E6A /* AppDelegate.swift */; };
		017D3DBA2B6D3B9E00F77E6A /* SceneDelegate.swift in Sources */ = {isa = PBXBuildFile; fileRef = 017D3DB92B6D3B9E00F77E6A /* SceneDelegate.swift */; };
		017D3DBC2B6D3B9E00F77E6A /* ViewController.swift in Sources */ = {isa = PBXBuildFile; fileRef = 017D3DBB2B6D3B9E00F77E6A /* ViewController.swift */; };
		017D3DBF2B6D3B9E00F77E6A /* Main.storyboard in Resources */ = {isa = PBXBuildFile; fileRef = 017D3DBD2B6D3B9E00F77E6A /* Main.storyboard */; };
		017D3DC12B6D3BA000F77E6A /* Assets.xcassets in Resources */ = {isa = PBXBuildFile; fileRef = 017D3DC02B6D3BA000F77E6A /* Assets.xcassets */; };
		017D3DC42B6D3BA000F77E6A /* LaunchScreen.storyboard in Resources */ = {isa = PBXBuildFile; fileRef = 017D3DC22B6D3BA000F77E6A /* LaunchScreen.storyboard */; };
		017D3DCF2B6D3BA000F77E6A /* FabbiAssigmentTests.swift in Sources */ = {isa = PBXBuildFile; fileRef = 017D3DCE2B6D3BA000F77E6A /* FabbiAssigmentTests.swift */; };
		017D3DD92B6D3BA000F77E6A /* FabbiAssigmentUITests.swift in Sources */ = {isa = PBXBuildFile; fileRef = 017D3DD82B6D3BA000F77E6A /* FabbiAssigmentUITests.swift */; };
		017D3DDB2B6D3BA000F77E6A /* FabbiAssigmentUITestsLaunchTests.swift in Sources */ = {isa = PBXBuildFile; fileRef = 017D3DDA2B6D3BA000F77E6A /* FabbiAssigmentUITestsLaunchTests.swift */; };
/* End PBXBuildFile section */

/* Begin PBXContainerItemProxy section */
		017D3DCB2B6D3BA000F77E6A /* PBXContainerItemProxy */ = {
			isa = PBXContainerItemProxy;
			containerPortal = 017D3DAC2B6D3B9E00F77E6A /* Project object */;
			proxyType = 1;
			remoteGlobalIDString = 017D3DB32B6D3B9E00F77E6A;
			remoteInfo = FabbiAssigment;
		};
		017D3DD52B6D3BA000F77E6A /* PBXContainerItemProxy */ = {
			isa = PBXContainerItemProxy;
			containerPortal = 017D3DAC2B6D3B9E00F77E6A /* Project object */;
			proxyType = 1;
			remoteGlobalIDString = 017D3DB32B6D3B9E00F77E6A;
			remoteInfo = FabbiAssigment;
		};
/* End PBXContainerItemProxy section */

/* Begin PBXFileReference section */
		017D3DB42B6D3B9E00F77E6A /* FabbiAssigment.app */ = {isa = PBXFileReference; explicitFileType = wrapper.application; includeInIndex = 0; path = FabbiAssigment.app; sourceTree = BUILT_PRODUCTS_DIR; };
		017D3DB72B6D3B9E00F77E6A /* AppDelegate.swift */ = {isa = PBXFileReference; lastKnownFileType = sourcecode.swift; path = AppDelegate.swift; sourceTree = "<group>"; };
		017D3DB92B6D3B9E00F77E6A /* SceneDelegate.swift */ = {isa = PBXFileReference; lastKnownFileType = sourcecode.swift; path = SceneDelegate.swift; sourceTree = "<group>"; };
		017D3DBB2B6D3B9E00F77E6A /* ViewController.swift */ = {isa = PBXFileReference; lastKnownFileType = sourcecode.swift; path = ViewController.swift; sourceTree = "<group>"; };
		017D3DBE2B6D3B9E00F77E6A /* Base */ = {isa = PBXFileReference; lastKnownFileType = file.storyboard; name = Base; path = Base.lproj/Main.storyboard; sourceTree = "<group>"; };
		017D3DC02B6D3BA000F77E6A /* Assets.xcassets */ = {isa = PBXFileReference; lastKnownFileType = folder.assetcatalog; path = Assets.xcassets; sourceTree = "<group>"; };
		017D3DC32B6D3BA000F77E6A /* Base */ = {isa = PBXFileReference; lastKnownFileType = file.storyboard; name = Base; path = Base.lproj/LaunchScreen.storyboard; sourceTree = "<group>"; };
		017D3DC52B6D3BA000F77E6A /* Info.plist */ = {isa = PBXFileReference; lastKnownFileType = text.plist.xml; path = Info.plist; sourceTree = "<group>"; };
		017D3DCA2B6D3BA000F77E6A /* FabbiAssigmentTests.xctest */ = {isa = PBXFileReference; explicitFileType = wrapper.cfbundle; includeInIndex = 0; path = FabbiAssigmentTests.xctest; sourceTree = BUILT_PRODUCTS_DIR; };
		017D3DCE2B6D3BA000F77E6A /* FabbiAssigmentTests.swift */ = {isa = PBXFileReference; lastKnownFileType = sourcecode.swift; path = FabbiAssigmentTests.swift; sourceTree = "<group>"; };
		017D3DD42B6D3BA000F77E6A /* FabbiAssigmentUITests.xctest */ = {isa = PBXFileReference; explicitFileType = wrapper.cfbundle; includeInIndex = 0; path = FabbiAssigmentUITests.xctest; sourceTree = BUILT_PRODUCTS_DIR; };
		017D3DD82B6D3BA000F77E6A /* FabbiAssigmentUITests.swift */ = {isa = PBXFileReference; lastKnownFileType = sourcecode.swift; path = FabbiAssigmentUITests.swift; sourceTree = "<group>"; };
		017D3DDA2B6D3BA000F77E6A /* FabbiAssigmentUITestsLaunchTests.swift */ = {isa = PBXFileReference; lastKnownFileType = sourcecode.swift; path = FabbiAssigmentUITestsLaunchTests.swift; sourceTree = "<group>"; };
/* End PBXFileReference section */

/* Begin PBXFrameworksBuildPhase section */
		017D3DB12B6D3B9E00F77E6A /* Frameworks */ = {
			isa = PBXFrameworksBuildPhase;
			buildActionMask = 2147483647;
			files = (
			);
			runOnlyForDeploymentPostprocessing = 0;
		};
		017D3DC72B6D3BA000F77E6A /* Frameworks */ = {
			isa = PBXFrameworksBuildPhase;
			buildActionMask = 2147483647;
			files = (
			);
			runOnlyForDeploymentPostprocessing = 0;
		};
		017D3DD12B6D3BA000F77E6A /* Frameworks */ = {
			isa = PBXFrameworksBuildPhase;
			buildActionMask = 2147483647;
			files = (
			);
			runOnlyForDeploymentPostprocessing = 0;
		};
/* End PBXFrameworksBuildPhase section */

/* Begin PBXGroup section */
		017D3DAB2B6D3B9E00F77E6A = {
			isa = PBXGroup;
			children = (
				017D3DB62B6D3B9E00F77E6A /* FabbiAssigment */,
				017D3DCD2B6D3BA000F77E6A /* FabbiAssigmentTests */,
				017D3DD72B6D3BA000F77E6A /* FabbiAssigmentUITests */,
				017D3DB52B6D3B9E00F77E6A /* Products */,
			);
			sourceTree = "<group>";
		};
		017D3DB52B6D3B9E00F77E6A /* Products */ = {
			isa = PBXGroup;
			children = (
				017D3DB42B6D3B9E00F77E6A /* FabbiAssigment.app */,
				017D3DCA2B6D3BA000F77E6A /* FabbiAssigmentTests.xctest */,
				017D3DD42B6D3BA000F77E6A /* FabbiAssigmentUITests.xctest */,
			);
			name = Products;
			sourceTree = "<group>";
		};
		017D3DB62B6D3B9E00F77E6A /* FabbiAssigment */ = {
			isa = PBXGroup;
			children = (
				017D3DB72B6D3B9E00F77E6A /* AppDelegate.swift */,
				017D3DB92B6D3B9E00F77E6A /* SceneDelegate.swift */,
				017D3DBB2B6D3B9E00F77E6A /* ViewController.swift */,
				017D3DBD2B6D3B9E00F77E6A /* Main.storyboard */,
				017D3DC02B6D3BA000F77E6A /* Assets.xcassets */,
				017D3DC22B6D3BA000F77E6A /* LaunchScreen.storyboard */,
				017D3DC52B6D3BA000F77E6A /* Info.plist */,
			);
			path = FabbiAssigment;
			sourceTree = "<group>";
		};
		017D3DCD2B6D3BA000F77E6A /* FabbiAssigmentTests */ = {
			isa = PBXGroup;
			children = (
				017D3DCE2B6D3BA000F77E6A /* FabbiAssigmentTests.swift */,
			);
			path = FabbiAssigmentTests;
			sourceTree = "<group>";
		};
		017D3DD72B6D3BA000F77E6A /* FabbiAssigmentUITests */ = {
			isa = PBXGroup;
			children = (
				017D3DD82B6D3BA000F77E6A /* FabbiAssigmentUITests.swift */,
				017D3DDA2B6D3BA000F77E6A /* FabbiAssigmentUITestsLaunchTests.swift */,
			);
			path = FabbiAssigmentUITests;
			sourceTree = "<group>";
		};
/* End PBXGroup section */

/* Begin PBXNativeTarget section */
		017D3DB32B6D3B9E00F77E6A /* FabbiAssigment */ = {
			isa = PBXNativeTarget;
			buildConfigurationList = 017D3DDE2B6D3BA000F77E6A /* Build configuration list for PBXNativeTarget "FabbiAssigment" */;
			buildPhases = (
				017D3DB02B6D3B9E00F77E6A /* Sources */,
				017D3DB12B6D3B9E00F77E6A /* Frameworks */,
				017D3DB22B6D3B9E00F77E6A /* Resources */,
			);
			buildRules = (
			);
			dependencies = (
			);
			name = FabbiAssigment;
			productName = FabbiAssigment;
			productReference = 017D3DB42B6D3B9E00F77E6A /* FabbiAssigment.app */;
			productType = "com.apple.product-type.application";
		};
		017D3DC92B6D3BA000F77E6A /* FabbiAssigmentTests */ = {
			isa = PBXNativeTarget;
			buildConfigurationList = 017D3DE12B6D3BA000F77E6A /* Build configuration list for PBXNativeTarget "FabbiAssigmentTests" */;
			buildPhases = (
				017D3DC62B6D3BA000F77E6A /* Sources */,
				017D3DC72B6D3BA000F77E6A /* Frameworks */,
				017D3DC82B6D3BA000F77E6A /* Resources */,
			);
			buildRules = (
			);
			dependencies = (
				017D3DCC2B6D3BA000F77E6A /* PBXTargetDependency */,
			);
			name = FabbiAssigmentTests;
			productName = FabbiAssigmentTests;
			productReference = 017D3DCA2B6D3BA000F77E6A /* FabbiAssigmentTests.xctest */;
			productType = "com.apple.product-type.bundle.unit-test";
		};
		017D3DD32B6D3BA000F77E6A /* FabbiAssigmentUITests */ = {
			isa = PBXNativeTarget;
			buildConfigurationList = 017D3DE42B6D3BA000F77E6A /* Build configuration list for PBXNativeTarget "FabbiAssigmentUITests" */;
			buildPhases = (
				017D3DD02B6D3BA000F77E6A /* Sources */,
				017D3DD12B6D3BA000F77E6A /* Frameworks */,
				017D3DD22B6D3BA000F77E6A /* Resources */,
			);
			buildRules = (
			);
			dependencies = (
				017D3DD62B6D3BA000F77E6A /* PBXTargetDependency */,
			);
			name = FabbiAssigmentUITests;
			productName = FabbiAssigmentUITests;
			productReference = 017D3DD42B6D3BA000F77E6A /* FabbiAssigmentUITests.xctest */;
			productType = "com.apple.product-type.bundle.ui-testing";
		};
/* End PBXNativeTarget section */

/* Begin PBXProject section */
		017D3DAC2B6D3B9E00F77E6A /* Project object */ = {
			isa = PBXProject;
			attributes = {
				BuildIndependentTargetsInParallel = 1;
				LastSwiftUpdateCheck = 1520;
				LastUpgradeCheck = 1520;
				TargetAttributes = {
					017D3DB32B6D3B9E00F77E6A = {
						CreatedOnToolsVersion = 15.2;
					};
					017D3DC92B6D3BA000F77E6A = {
						CreatedOnToolsVersion = 15.2;
						TestTargetID = 017D3DB32B6D3B9E00F77E6A;
					};
					017D3DD32B6D3BA000F77E6A = {
						CreatedOnToolsVersion = 15.2;
						TestTargetID = 017D3DB32B6D3B9E00F77E6A;
					};
				};
			};
			buildConfigurationList = 017D3DAF2B6D3B9E00F77E6A /* Build configuration list for PBXProject "FabbiAssigment" */;
			compatibilityVersion = "Xcode 14.0";
			developmentRegion = en;
			hasScannedForEncodings = 0;
			knownRegions = (
				en,
				Base,
			);
			mainGroup = 017D3DAB2B6D3B9E00F77E6A;
			productRefGroup = 017D3DB52B6D3B9E00F77E6A /* Products */;
			projectDirPath = "";
			projectRoot = "";
			targets = (
				017D3DB32B6D3B9E00F77E6A /* FabbiAssigment */,
				017D3DC92B6D3BA000F77E6A /* FabbiAssigmentTests */,
				017D3DD32B6D3BA000F77E6A /* FabbiAssigmentUITests */,
			);
		};
/* End PBXProject section */

/* Begin PBXResourcesBuildPhase section */
		017D3DB22B6D3B9E00F77E6A /* Resources */ = {
			isa = PBXResourcesBuildPhase;
			buildActionMask = 2147483647;
			files = (
				017D3DC42B6D3BA000F77E6A /* LaunchScreen.storyboard in Resources */,
				017D3DC12B6D3BA000F77E6A /* Assets.xcassets in Resources */,
				017D3DBF2B6D3B9E00F77E6A /* Main.storyboard in Resources */,
			);
			runOnlyForDeploymentPostprocessing = 0;
		};
		017D3DC82B6D3BA000F77E6A /* Resources */ = {
			isa = PBXResourcesBuildPhase;
			buildActionMask = 2147483647;
			files = (
			);
			runOnlyForDeploymentPostprocessing = 0;
		};
		017D3DD22B6D3BA000F77E6A /* Resources */ = {
			isa = PBXResourcesBuildPhase;
			buildActionMask = 2147483647;
			files = (
			);
			runOnlyForDeploymentPostprocessing = 0;
		};
/* End PBXResourcesBuildPhase section */

/* Begin PBXSourcesBuildPhase section */
		017D3DB02B6D3B9E00F77E6A /* Sources */ = {
			isa = PBXSourcesBuildPhase;
			buildActionMask = 2147483647;
			files = (
				017D3DBC2B6D3B9E00F77E6A /* ViewController.swift in Sources */,
				017D3DB82B6D3B9E00F77E6A /* AppDelegate.swift in Sources */,
				017D3DBA2B6D3B9E00F77E6A /* SceneDelegate.swift in Sources */,
			);
			runOnlyForDeploymentPostprocessing = 0;
		};
		017D3DC62B6D3BA000F77E6A /* Sources */ = {
			isa = PBXSourcesBuildPhase;
			buildActionMask = 2147483647;
			files = (
				017D3DCF2B6D3BA000F77E6A /* FabbiAssigmentTests.swift in Sources */,
			);
			runOnlyForDeploymentPostprocessing = 0;
		};
		017D3DD02B6D3BA000F77E6A /* Sources */ = {
			isa = PBXSourcesBuildPhase;
			buildActionMask = 2147483647;
			files = (
				017D3DD92B6D3BA000F77E6A /* FabbiAssigmentUITests.swift in Sources */,
				017D3DDB2B6D3BA000F77E6A /* FabbiAssigmentUITestsLaunchTests.swift in Sources */,
			);
			runOnlyForDeploymentPostprocessing = 0;
		};
/* End PBXSourcesBuildPhase section */

/* Begin PBXTargetDependency section */
		017D3DCC2B6D3BA000F77E6A /* PBXTargetDependency */ = {
			isa = PBXTargetDependency;
			target = 017D3DB32B6D3B9E00F77E6A /* FabbiAssigment */;
			targetProxy = 017D3DCB2B6D3BA000F77E6A /* PBXContainerItemProxy */;
		};
		017D3DD62B6D3BA000F77E6A /* PBXTargetDependency */ = {
			isa = PBXTargetDependency;
			target = 017D3DB32B6D3B9E00F77E6A /* FabbiAssigment */;
			targetProxy = 017D3DD52B6D3BA000F77E6A /* PBXContainerItemProxy */;
		};
/* End PBXTargetDependency section */

/* Begin PBXVariantGroup section */
		017D3DBD2B6D3B9E00F77E6A /* Main.storyboard */ = {
			isa = PBXVariantGroup;
			children = (
				017D3DBE2B6D3B9E00F77E6A /* Base */,
			);
			name = Main.storyboard;
			sourceTree = "<group>";
		};
		017D3DC22B6D3BA000F77E6A /* LaunchScreen.storyboard */ = {
			isa = PBXVariantGroup;
			children = (
				017D3DC32B6D3BA000F77E6A /* Base */,
			);
			name = LaunchScreen.storyboard;
			sourceTree = "<group>";
		};
/* End PBXVariantGroup section */

/* Begin XCBuildConfiguration section */
		017D3DDC2B6D3BA000F77E6A /* Debug */ = {
			isa = XCBuildConfiguration;
			buildSettings = {
				ALWAYS_SEARCH_USER_PATHS = NO;
				ASSETCATALOG_COMPILER_GENERATE_SWIFT_ASSET_SYMBOL_EXTENSIONS = YES;
				CLANG_ANALYZER_NONNULL = YES;
				CLANG_ANALYZER_NUMBER_OBJECT_CONVERSION = YES_AGGRESSIVE;
				CLANG_CXX_LANGUAGE_STANDARD = "gnu++20";
				CLANG_ENABLE_MODULES = YES;
				CLANG_ENABLE_OBJC_ARC = YES;
				CLANG_ENABLE_OBJC_WEAK = YES;
				CLANG_WARN_BLOCK_CAPTURE_AUTORELEASING = YES;
				CLANG_WARN_BOOL_CONVERSION = YES;
				CLANG_WARN_COMMA = YES;
				CLANG_WARN_CONSTANT_CONVERSION = YES;
				CLANG_WARN_DEPRECATED_OBJC_IMPLEMENTATIONS = YES;
				CLANG_WARN_DIRECT_OBJC_ISA_USAGE = YES_ERROR;
				CLANG_WARN_DOCUMENTATION_COMMENTS = YES;
				CLANG_WARN_EMPTY_BODY = YES;
				CLANG_WARN_ENUM_CONVERSION = YES;
				CLANG_WARN_INFINITE_RECURSION = YES;
				CLANG_WARN_INT_CONVERSION = YES;
				CLANG_WARN_NON_LITERAL_NULL_CONVERSION = YES;
				CLANG_WARN_OBJC_IMPLICIT_RETAIN_SELF = YES;
				CLANG_WARN_OBJC_LITERAL_CONVERSION = YES;
				CLANG_WARN_OBJC_ROOT_CLASS = YES_ERROR;
				CLANG_WARN_QUOTED_INCLUDE_IN_FRAMEWORK_HEADER = YES;
				CLANG_WARN_RANGE_LOOP_ANALYSIS = YES;
				CLANG_WARN_STRICT_PROTOTYPES = YES;
				CLANG_WARN_SUSPICIOUS_MOVE = YES;
				CLANG_WARN_UNGUARDED_AVAILABILITY = YES_AGGRESSIVE;
				CLANG_WARN_UNREACHABLE_CODE = YES;
				CLANG_WARN__DUPLICATE_METHOD_MATCH = YES;
				COPY_PHASE_STRIP = NO;
				DEBUG_INFORMATION_FORMAT = dwarf;
				ENABLE_STRICT_OBJC_MSGSEND = YES;
				ENABLE_TESTABILITY = YES;
				ENABLE_USER_SCRIPT_SANDBOXING = YES;
				GCC_C_LANGUAGE_STANDARD = gnu17;
				GCC_DYNAMIC_NO_PIC = NO;
				GCC_NO_COMMON_BLOCKS = YES;
				GCC_OPTIMIZATION_LEVEL = 0;
				GCC_PREPROCESSOR_DEFINITIONS = (
					"DEBUG=1",
					"$(inherited)",
				);
				GCC_WARN_64_TO_32_BIT_CONVERSION = YES;
				GCC_WARN_ABOUT_RETURN_TYPE = YES_ERROR;
				GCC_WARN_UNDECLARED_SELECTOR = YES;
				GCC_WARN_UNINITIALIZED_AUTOS = YES_AGGRESSIVE;
				GCC_WARN_UNUSED_FUNCTION = YES;
				GCC_WARN_UNUSED_VARIABLE = YES;
				IPHONEOS_DEPLOYMENT_TARGET = 17.2;
				LOCALIZATION_PREFERS_STRING_CATALOGS = YES;
				MTL_ENABLE_DEBUG_INFO = INCLUDE_SOURCE;
				MTL_FAST_MATH = YES;
				ONLY_ACTIVE_ARCH = YES;
				SDKROOT = iphoneos;
				SWIFT_ACTIVE_COMPILATION_CONDITIONS = "DEBUG $(inherited)";
				SWIFT_OPTIMIZATION_LEVEL = "-Onone";
			};
			name = Debug;
		};
		017D3DDD2B6D3BA000F77E6A /* Release */ = {
			isa = XCBuildConfiguration;
			buildSettings = {
				ALWAYS_SEARCH_USER_PATHS = NO;
				ASSETCATALOG_COMPILER_GENERATE_SWIFT_ASSET_SYMBOL_EXTENSIONS = YES;
				CLANG_ANALYZER_NONNULL = YES;
				CLANG_ANALYZER_NUMBER_OBJECT_CONVERSION = YES_AGGRESSIVE;
				CLANG_CXX_LANGUAGE_STANDARD = "gnu++20";
				CLANG_ENABLE_MODULES = YES;
				CLANG_ENABLE_OBJC_ARC = YES;
				CLANG_ENABLE_OBJC_WEAK = YES;
				CLANG_WARN_BLOCK_CAPTURE_AUTORELEASING = YES;
				CLANG_WARN_BOOL_CONVERSION = YES;
				CLANG_WARN_COMMA = YES;
				CLANG_WARN_CONSTANT_CONVERSION = YES;
				CLANG_WARN_DEPRECATED_OBJC_IMPLEMENTATIONS = YES;
				CLANG_WARN_DIRECT_OBJC_ISA_USAGE = YES_ERROR;
				CLANG_WARN_DOCUMENTATION_COMMENTS = YES;
				CLANG_WARN_EMPTY_BODY = YES;
				CLANG_WARN_ENUM_CONVERSION = YES;
				CLANG_WARN_INFINITE_RECURSION = YES;
				CLANG_WARN_INT_CONVERSION = YES;
				CLANG_WARN_NON_LITERAL_NULL_CONVERSION = YES;
				CLANG_WARN_OBJC_IMPLICIT_RETAIN_SELF = YES;
				CLANG_WARN_OBJC_LITERAL_CONVERSION = YES;
				CLANG_WARN_OBJC_ROOT_CLASS = YES_ERROR;
				CLANG_WARN_QUOTED_INCLUDE_IN_FRAMEWORK_HEADER = YES;
				CLANG_WARN_RANGE_LOOP_ANALYSIS = YES;
				CLANG_WARN_STRICT_PROTOTYPES = YES;
				CLANG_WARN_SUSPICIOUS_MOVE = YES;
				CLANG_WARN_UNGUARDED_AVAILABILITY = YES_AGGRESSIVE;
				CLANG_WARN_UNREACHABLE_CODE = YES;
				CLANG_WARN__DUPLICATE_METHOD_MATCH = YES;
				COPY_PHASE_STRIP = NO;
				DEBUG_INFORMATION_FORMAT = "dwarf-with-dsym";
				ENABLE_NS_ASSERTIONS = NO;
				ENABLE_STRICT_OBJC_MSGSEND = YES;
				ENABLE_USER_SCRIPT_SANDBOXING = YES;
				GCC_C_LANGUAGE_STANDARD = gnu17;
				GCC_NO_COMMON_BLOCKS = YES;
				GCC_WARN_64_TO_32_BIT_CONVERSION = YES;
				GCC_WARN_ABOUT_RETURN_TYPE = YES_ERROR;
				GCC_WARN_UNDECLARED_SELECTOR = YES;
				GCC_WARN_UNINITIALIZED_AUTOS = YES_AGGRESSIVE;
				GCC_WARN_UNUSED_FUNCTION = YES;
				GCC_WARN_UNUSED_VARIABLE = YES;
				IPHONEOS_DEPLOYMENT_TARGET = 17.2;
				LOCALIZATION_PREFERS_STRING_CATALOGS = YES;
				MTL_ENABLE_DEBUG_INFO = NO;
				MTL_FAST_MATH = YES;
				SDKROOT = iphoneos;
				SWIFT_COMPILATION_MODE = wholemodule;
				VALIDATE_PRODUCT = YES;
			};
			name = Release;
		};
		017D3DDF2B6D3BA000F77E6A /* Debug */ = {
			isa = XCBuildConfiguration;
			buildSettings = {
				ASSETCATALOG_COMPILER_APPICON_NAME = AppIcon;
				ASSETCATALOG_COMPILER_GLOBAL_ACCENT_COLOR_NAME = AccentColor;
				CODE_SIGN_STYLE = Automatic;
				CURRENT_PROJECT_VERSION = 1;
				DEVELOPMENT_TEAM = 4AB6UU9F4M;
				GENERATE_INFOPLIST_FILE = YES;
				INFOPLIST_FILE = FabbiAssigment/Info.plist;
				INFOPLIST_KEY_UIApplicationSupportsIndirectInputEvents = YES;
				INFOPLIST_KEY_UILaunchStoryboardName = LaunchScreen;
				INFOPLIST_KEY_UIMainStoryboardFile = Main;
				INFOPLIST_KEY_UISupportedInterfaceOrientations_iPad = "UIInterfaceOrientationPortrait UIInterfaceOrientationPortraitUpsideDown UIInterfaceOrientationLandscapeLeft UIInterfaceOrientationLandscapeRight";
				INFOPLIST_KEY_UISupportedInterfaceOrientations_iPhone = "UIInterfaceOrientationPortrait UIInterfaceOrientationLandscapeLeft UIInterfaceOrientationLandscapeRight";
				LD_RUNPATH_SEARCH_PATHS = (
					"$(inherited)",
					"@executable_path/Frameworks",
				);
				MARKETING_VERSION = 1.0;
				PRODUCT_BUNDLE_IDENTIFIER = ntd.FabbiAssigment;
				PRODUCT_NAME = "$(TARGET_NAME)";
				SWIFT_EMIT_LOC_STRINGS = YES;
				SWIFT_VERSION = 5.0;
				TARGETED_DEVICE_FAMILY = "1,2";
			};
			name = Debug;
		};
		017D3DE02B6D3BA000F77E6A /* Release */ = {
			isa = XCBuildConfiguration;
			buildSettings = {
				ASSETCATALOG_COMPILER_APPICON_NAME = AppIcon;
				ASSETCATALOG_COMPILER_GLOBAL_ACCENT_COLOR_NAME = AccentColor;
				CODE_SIGN_STYLE = Automatic;
				CURRENT_PROJECT_VERSION = 1;
				DEVELOPMENT_TEAM = 4AB6UU9F4M;
				GENERATE_INFOPLIST_FILE = YES;
				INFOPLIST_FILE = FabbiAssigment/Info.plist;
				INFOPLIST_KEY_UIApplicationSupportsIndirectInputEvents = YES;
				INFOPLIST_KEY_UILaunchStoryboardName = LaunchScreen;
				INFOPLIST_KEY_UIMainStoryboardFile = Main;
				INFOPLIST_KEY_UISupportedInterfaceOrientations_iPad = "UIInterfaceOrientationPortrait UIInterfaceOrientationPortraitUpsideDown UIInterfaceOrientationLandscapeLeft UIInterfaceOrientationLandscapeRight";
				INFOPLIST_KEY_UISupportedInterfaceOrientations_iPhone = "UIInterfaceOrientationPortrait UIInterfaceOrientationLandscapeLeft UIInterfaceOrientationLandscapeRight";
				LD_RUNPATH_SEARCH_PATHS = (
					"$(inherited)",
					"@executable_path/Frameworks",
				);
				MARKETING_VERSION = 1.0;
				PRODUCT_BUNDLE_IDENTIFIER = ntd.FabbiAssigment;
				PRODUCT_NAME = "$(TARGET_NAME)";
				SWIFT_EMIT_LOC_STRINGS = YES;
				SWIFT_VERSION = 5.0;
				TARGETED_DEVICE_FAMILY = "1,2";
			};
			name = Release;
		};
		017D3DE22B6D3BA000F77E6A /* Debug */ = {
			isa = XCBuildConfiguration;
			buildSettings = {
				ALWAYS_EMBED_SWIFT_STANDARD_LIBRARIES = YES;
				BUNDLE_LOADER = "$(TEST_HOST)";
				CODE_SIGN_STYLE = Automatic;
				CURRENT_PROJECT_VERSION = 1;
				DEVELOPMENT_TEAM = 4AB6UU9F4M;
				GENERATE_INFOPLIST_FILE = YES;
				IPHONEOS_DEPLOYMENT_TARGET = 17.2;
				MARKETING_VERSION = 1.0;
				PRODUCT_BUNDLE_IDENTIFIER = ntd.FabbiAssigmentTests;
				PRODUCT_NAME = "$(TARGET_NAME)";
				SWIFT_EMIT_LOC_STRINGS = NO;
				SWIFT_VERSION = 5.0;
				TARGETED_DEVICE_FAMILY = "1,2";
				TEST_HOST = "$(BUILT_PRODUCTS_DIR)/FabbiAssigment.app/$(BUNDLE_EXECUTABLE_FOLDER_PATH)/FabbiAssigment";
			};
			name = Debug;
		};
		017D3DE32B6D3BA000F77E6A /* Release */ = {
			isa = XCBuildConfiguration;
			buildSettings = {
				ALWAYS_EMBED_SWIFT_STANDARD_LIBRARIES = YES;
				BUNDLE_LOADER = "$(TEST_HOST)";
				CODE_SIGN_STYLE = Automatic;
				CURRENT_PROJECT_VERSION = 1;
				DEVELOPMENT_TEAM = 4AB6UU9F4M;
				GENERATE_INFOPLIST_FILE = YES;
				IPHONEOS_DEPLOYMENT_TARGET = 17.2;
				MARKETING_VERSION = 1.0;
				PRODUCT_BUNDLE_IDENTIFIER = ntd.FabbiAssigmentTests;
				PRODUCT_NAME = "$(TARGET_NAME)";
				SWIFT_EMIT_LOC_STRINGS = NO;
				SWIFT_VERSION = 5.0;
				TARGETED_DEVICE_FAMILY = "1,2";
				TEST_HOST = "$(BUILT_PRODUCTS_DIR)/FabbiAssigment.app/$(BUNDLE_EXECUTABLE_FOLDER_PATH)/FabbiAssigment";
			};
			name = Release;
		};
		017D3DE52B6D3BA000F77E6A /* Debug */ = {
			isa = XCBuildConfiguration;
			buildSettings = {
				ALWAYS_EMBED_SWIFT_STANDARD_LIBRARIES = YES;
				CODE_SIGN_STYLE = Automatic;
				CURRENT_PROJECT_VERSION = 1;
				DEVELOPMENT_TEAM = 4AB6UU9F4M;
				GENERATE_INFOPLIST_FILE = YES;
				MARKETING_VERSION = 1.0;
				PRODUCT_BUNDLE_IDENTIFIER = ntd.FabbiAssigmentUITests;
				PRODUCT_NAME = "$(TARGET_NAME)";
				SWIFT_EMIT_LOC_STRINGS = NO;
				SWIFT_VERSION = 5.0;
				TARGETED_DEVICE_FAMILY = "1,2";
				TEST_TARGET_NAME = FabbiAssigment;
			};
			name = Debug;
		};
		017D3DE62B6D3BA000F77E6A /* Release */ = {
			isa = XCBuildConfiguration;
			buildSettings = {
				ALWAYS_EMBED_SWIFT_STANDARD_LIBRARIES = YES;
				CODE_SIGN_STYLE = Automatic;
				CURRENT_PROJECT_VERSION = 1;
				DEVELOPMENT_TEAM = 4AB6UU9F4M;
				GENERATE_INFOPLIST_FILE = YES;
				MARKETING_VERSION = 1.0;
				PRODUCT_BUNDLE_IDENTIFIER = ntd.FabbiAssigmentUITests;
				PRODUCT_NAME = "$(TARGET_NAME)";
				SWIFT_EMIT_LOC_STRINGS = NO;
				SWIFT_VERSION = 5.0;
				TARGETED_DEVICE_FAMILY = "1,2";
				TEST_TARGET_NAME = FabbiAssigment;
			};
			name = Release;
		};
/* End XCBuildConfiguration section */

/* Begin XCConfigurationList section */
		017D3DAF2B6D3B9E00F77E6A /* Build configuration list for PBXProject "FabbiAssigment" */ = {
			isa = XCConfigurationList;
			buildConfigurations = (
				017D3DDC2B6D3BA000F77E6A /* Debug */,
				017D3DDD2B6D3BA000F77E6A /* Release */,
			);
			defaultConfigurationIsVisible = 0;
			defaultConfigurationName = Release;
		};
		017D3DDE2B6D3BA000F77E6A /* Build configuration list for PBXNativeTarget "FabbiAssigment" */ = {
			isa = XCConfigurationList;
			buildConfigurations = (
				017D3DDF2B6D3BA000F77E6A /* Debug */,
				017D3DE02B6D3BA000F77E6A /* Release */,
			);
			defaultConfigurationIsVisible = 0;
			defaultConfigurationName = Release;
		};
		017D3DE12B6D3BA000F77E6A /* Build configuration list for PBXNativeTarget "FabbiAssigmentTests" */ = {
			isa = XCConfigurationList;
			buildConfigurations = (
				017D3DE22B6D3BA000F77E6A /* Debug */,
				017D3DE32B6D3BA000F77E6A /* Release */,
			);
			defaultConfigurationIsVisible = 0;
			defaultConfigurationName = Release;
		};
		017D3DE42B6D3BA000F77E6A /* Build configuration list for PBXNativeTarget "FabbiAssigmentUITests" */ = {
			isa = XCConfigurationList;
			buildConfigurations = (
				017D3DE52B6D3BA000F77E6A /* Debug */,
				017D3DE62B6D3BA000F77E6A /* Release */,
			);
			defaultConfigurationIsVisible = 0;
			defaultConfigurationName = Release;
		};
/* End XCConfigurationList section */
	};
	rootObject = 017D3DAC2B6D3B9E00F77E6A /* Project object */;
}
